
Microsoft Visual Studio Solution File, Format Version 12.00
# Visual Studio Version 17
VisualStudioVersion = 17.13.35919.96 d17.13
MinimumVisualStudioVersion = 10.0.40219.1
Project("{2150E333-8FDC-42A3-9474-1A3956D46DE8}") = "Chapter 1", "Chapter 1", "{02EA681E-C7D8-13C7-8484-4AC65E1B71E8}"
EndProject
Project("{2150E333-8FDC-42A3-9474-1A3956D46DE8}") = "Chapter 2", "Chapter 2", "{2E0A22E5-7020-435D-8943-47ECE5C6F5A6}"
EndProject
Project("{2150E333-8FDC-42A3-9474-1A3956D46DE8}") = "Chapter 3", "Chapter 3", "{10364254-FB01-4A6F-87E4-35A53728DB31}"
EndProject
Project("{2150E333-8FDC-42A3-9474-1A3956D46DE8}") = "Chapter 4", "Chapter 4", "{7C172619-07D7-4D14-BCAC-0DBABC9E511D}"
EndProject
Project("{2150E333-8FDC-42A3-9474-1A3956D46DE8}") = "Chapter 5", "Chapter 5", "{4BE319D2-B5D2-4EEA-B0AA-D298BEF543D4}"
EndProject
Project("{2150E333-8FDC-42A3-9474-1A3956D46DE8}") = "Task 1", "Task 1", "{AF0AB74C-0EFD-493E-9CC5-579A45BCDC18}"
EndProject
Project("{8BC9CEB8-8B4A-11D0-8D11-00A0C91BC942}") = "hello_world", "hello_world\hello_world.vcxproj", "{CC44B819-BBB1-4F9D-BB91-9AEE965DDA12}"
EndProject
Project("{2150E333-8FDC-42A3-9474-1A3956D46DE8}") = "drill1", "drill1", "{B440C43F-F707-4A9E-9EF0-7E500CAA62BC}"
EndProject
Project("{2150E333-8FDC-42A3-9474-1A3956D46DE8}") = "drill2", "drill2", "{38513F9C-8705-43DF-BEF5-9BD1D8E84CC6}"
EndProject
Project("{2150E333-8FDC-42A3-9474-1A3956D46DE8}") = "drill3", "drill3", "{7DEE9C84-F9D3-4313-B573-EEE64C26D5AF}"
EndProject
Project("{2150E333-8FDC-42A3-9474-1A3956D46DE8}") = "drill4", "drill4", "{6E91CA36-89C7-4E2F-9AB7-A80EFAEBABDA}"
EndProject
Project("{2150E333-8FDC-42A3-9474-1A3956D46DE8}") = "drill5", "drill5", "{92D9826A-B3AF-462E-B036-A4AA7145DF03}"
EndProject
Project("{2150E333-8FDC-42A3-9474-1A3956D46DE8}") = "drill6", "drill6", "{A3CD272B-6CAC-4FB9-9C90-2AB6F82FE1B2}"
EndProject
Project("{2150E333-8FDC-42A3-9474-1A3956D46DE8}") = "Drills", "Drills", "{18FE6842-BA81-4AE2-8F5D-9BD1BE743858}"
EndProject
Project("{2150E333-8FDC-42A3-9474-1A3956D46DE8}") = "Exercises", "Exercises", "{4DAC6918-68AC-4DCB-8EBD-F5A560E8A7AD}"
EndProject
Project("{2150E333-8FDC-42A3-9474-1A3956D46DE8}") = "ex1", "ex1", "{2FBB3AEA-42D7-4625-8757-837E13FCEF2F}"
EndProject
Project("{2150E333-8FDC-42A3-9474-1A3956D46DE8}") = "ex2", "ex2", "{5581AE38-3E63-430D-9B4D-B3C67083AF1E}"
EndProject
Project("{2150E333-8FDC-42A3-9474-1A3956D46DE8}") = "ex3", "ex3", "{FD2FB61C-03F3-4353-8CDF-46C22FB93127}"
EndProject
Project("{2150E333-8FDC-42A3-9474-1A3956D46DE8}") = "ex4", "ex4", "{388A01A2-EF53-4415-B368-AD4B1A604E3C}"
EndProject
Project("{2150E333-8FDC-42A3-9474-1A3956D46DE8}") = "Exercises", "Exercises", "{386053C6-C355-4909-ACAB-2C0FCDE5669D}"
EndProject
Project("{2150E333-8FDC-42A3-9474-1A3956D46DE8}") = "Try this", "Try this", "{ABC10486-15EC-4389-830D-41BEA44EB1FD}"
EndProject
Project("{2150E333-8FDC-42A3-9474-1A3956D46DE8}") = "Try this", "Try this", "{9C759DB5-4B13-446F-85A7-1549AE4DA873}"
EndProject
Project("{8BC9CEB8-8B4A-11D0-8D11-00A0C91BC942}") = "ex1_1", "ex1_1\ex1_1.vcxproj", "{04274150-1C68-43C3-BDDE-CD31DCD4CEBD}"
EndProject
Project("{8BC9CEB8-8B4A-11D0-8D11-00A0C91BC942}") = "ex1_2", "ex1_2\ex1_2.vcxproj", "{1208C4B4-9888-4F00-B8EB-91257FB8A0ED}"
EndProject
Project("{8BC9CEB8-8B4A-11D0-8D11-00A0C91BC942}") = "ex1_3", "ex1_3\ex1_3.vcxproj", "{B622FD92-693F-4079-8E57-FC309CC5A921}"
EndProject
Project("{8BC9CEB8-8B4A-11D0-8D11-00A0C91BC942}") = "ex1_4", "ex1_4\ex1_4.vcxproj", "{68F37902-96C3-4B4F-B408-01AF2FAB20F9}"
EndProject
Global
	GlobalSection(SolutionConfigurationPlatforms) = preSolution
		Debug|x64 = Debug|x64
		Debug|x86 = Debug|x86
		Release|x64 = Release|x64
		Release|x86 = Release|x86
	EndGlobalSection
	GlobalSection(ProjectConfigurationPlatforms) = postSolution
		{CC44B819-BBB1-4F9D-BB91-9AEE965DDA12}.Debug|x64.ActiveCfg = Debug|x64
		{CC44B819-BBB1-4F9D-BB91-9AEE965DDA12}.Debug|x64.Build.0 = Debug|x64
		{CC44B819-BBB1-4F9D-BB91-9AEE965DDA12}.Debug|x86.ActiveCfg = Debug|Win32
		{CC44B819-BBB1-4F9D-BB91-9AEE965DDA12}.Debug|x86.Build.0 = Debug|Win32
		{CC44B819-BBB1-4F9D-BB91-9AEE965DDA12}.Release|x64.ActiveCfg = Release|x64
		{CC44B819-BBB1-4F9D-BB91-9AEE965DDA12}.Release|x64.Build.0 = Release|x64
		{CC44B819-BBB1-4F9D-BB91-9AEE965DDA12}.Release|x86.ActiveCfg = Release|Win32
		{CC44B819-BBB1-4F9D-BB91-9AEE965DDA12}.Release|x86.Build.0 = Release|Win32
		{04274150-1C68-43C3-BDDE-CD31DCD4CEBD}.Debug|x64.ActiveCfg = Debug|x64
		{04274150-1C68-43C3-BDDE-CD31DCD4CEBD}.Debug|x64.Build.0 = Debug|x64
		{04274150-1C68-43C3-BDDE-CD31DCD4CEBD}.Debug|x86.ActiveCfg = Debug|Win32
		{04274150-1C68-43C3-BDDE-CD31DCD4CEBD}.Debug|x86.Build.0 = Debug|Win32
		{04274150-1C68-43C3-BDDE-CD31DCD4CEBD}.Release|x64.ActiveCfg = Release|x64
		{04274150-1C68-43C3-BDDE-CD31DCD4CEBD}.Release|x64.Build.0 = Release|x64
		{04274150-1C68-43C3-BDDE-CD31DCD4CEBD}.Release|x86.ActiveCfg = Release|Win32
		{04274150-1C68-43C3-BDDE-CD31DCD4CEBD}.Release|x86.Build.0 = Release|Win32
		{1208C4B4-9888-4F00-B8EB-91257FB8A0ED}.Debug|x64.ActiveCfg = Debug|x64
		{1208C4B4-9888-4F00-B8EB-91257FB8A0ED}.Debug|x64.Build.0 = Debug|x64
		{1208C4B4-9888-4F00-B8EB-91257FB8A0ED}.Debug|x86.ActiveCfg = Debug|Win32
		{1208C4B4-9888-4F00-B8EB-91257FB8A0ED}.Debug|x86.Build.0 = Debug|Win32
		{1208C4B4-9888-4F00-B8EB-91257FB8A0ED}.Release|x64.ActiveCfg = Release|x64
		{1208C4B4-9888-4F00-B8EB-91257FB8A0ED}.Release|x64.Build.0 = Release|x64
		{1208C4B4-9888-4F00-B8EB-91257FB8A0ED}.Release|x86.ActiveCfg = Release|Win32
		{1208C4B4-9888-4F00-B8EB-91257FB8A0ED}.Release|x86.Build.0 = Release|Win32
		{B622FD92-693F-4079-8E57-FC309CC5A921}.Debug|x64.ActiveCfg = Debug|x64
		{B622FD92-693F-4079-8E57-FC309CC5A921}.Debug|x64.Build.0 = Debug|x64
		{B622FD92-693F-4079-8E57-FC309CC5A921}.Debug|x86.ActiveCfg = Debug|Win32
		{B622FD92-693F-4079-8E57-FC309CC5A921}.Debug|x86.Build.0 = Debug|Win32
		{B622FD92-693F-4079-8E57-FC309CC5A921}.Release|x64.ActiveCfg = Release|x64
		{B622FD92-693F-4079-8E57-FC309CC5A921}.Release|x64.Build.0 = Release|x64
		{B622FD92-693F-4079-8E57-FC309CC5A921}.Release|x86.ActiveCfg = Release|Win32
		{B622FD92-693F-4079-8E57-FC309CC5A921}.Release|x86.Build.0 = Release|Win32
		{68F37902-96C3-4B4F-B408-01AF2FAB20F9}.Debug|x64.ActiveCfg = Debug|x64
		{68F37902-96C3-4B4F-B408-01AF2FAB20F9}.Debug|x64.Build.0 = Debug|x64
		{68F37902-96C3-4B4F-B408-01AF2FAB20F9}.Debug|x86.ActiveCfg = Debug|Win32
		{68F37902-96C3-4B4F-B408-01AF2FAB20F9}.Debug|x86.Build.0 = Debug|Win32
		{68F37902-96C3-4B4F-B408-01AF2FAB20F9}.Release|x64.ActiveCfg = Release|x64
		{68F37902-96C3-4B4F-B408-01AF2FAB20F9}.Release|x64.Build.0 = Release|x64
		{68F37902-96C3-4B4F-B408-01AF2FAB20F9}.Release|x86.ActiveCfg = Release|Win32
		{68F37902-96C3-4B4F-B408-01AF2FAB20F9}.Release|x86.Build.0 = Release|Win32
	EndGlobalSection
	GlobalSection(SolutionProperties) = preSolution
		HideSolutionNode = FALSE
	EndGlobalSection
	GlobalSection(NestedProjects) = preSolution
		{AF0AB74C-0EFD-493E-9CC5-579A45BCDC18} = {02EA681E-C7D8-13C7-8484-4AC65E1B71E8}
		{CC44B819-BBB1-4F9D-BB91-9AEE965DDA12} = {AF0AB74C-0EFD-493E-9CC5-579A45BCDC18}
		{B440C43F-F707-4A9E-9EF0-7E500CAA62BC} = {18FE6842-BA81-4AE2-8F5D-9BD1BE743858}
		{38513F9C-8705-43DF-BEF5-9BD1D8E84CC6} = {18FE6842-BA81-4AE2-8F5D-9BD1BE743858}
		{7DEE9C84-F9D3-4313-B573-EEE64C26D5AF} = {18FE6842-BA81-4AE2-8F5D-9BD1BE743858}
		{6E91CA36-89C7-4E2F-9AB7-A80EFAEBABDA} = {18FE6842-BA81-4AE2-8F5D-9BD1BE743858}
		{92D9826A-B3AF-462E-B036-A4AA7145DF03} = {18FE6842-BA81-4AE2-8F5D-9BD1BE743858}
		{A3CD272B-6CAC-4FB9-9C90-2AB6F82FE1B2} = {18FE6842-BA81-4AE2-8F5D-9BD1BE743858}
		{18FE6842-BA81-4AE2-8F5D-9BD1BE743858} = {2E0A22E5-7020-435D-8943-47ECE5C6F5A6}
		{4DAC6918-68AC-4DCB-8EBD-F5A560E8A7AD} = {02EA681E-C7D8-13C7-8484-4AC65E1B71E8}
		{2FBB3AEA-42D7-4625-8757-837E13FCEF2F} = {4DAC6918-68AC-4DCB-8EBD-F5A560E8A7AD}
		{5581AE38-3E63-430D-9B4D-B3C67083AF1E} = {4DAC6918-68AC-4DCB-8EBD-F5A560E8A7AD}
		{FD2FB61C-03F3-4353-8CDF-46C22FB93127} = {4DAC6918-68AC-4DCB-8EBD-F5A560E8A7AD}
		{388A01A2-EF53-4415-B368-AD4B1A604E3C} = {4DAC6918-68AC-4DCB-8EBD-F5A560E8A7AD}
		{386053C6-C355-4909-ACAB-2C0FCDE5669D} = {2E0A22E5-7020-435D-8943-47ECE5C6F5A6}
		{ABC10486-15EC-4389-830D-41BEA44EB1FD} = {02EA681E-C7D8-13C7-8484-4AC65E1B71E8}
		{9C759DB5-4B13-446F-85A7-1549AE4DA873} = {2E0A22E5-7020-435D-8943-47ECE5C6F5A6}
		{04274150-1C68-43C3-BDDE-CD31DCD4CEBD} = {2FBB3AEA-42D7-4625-8757-837E13FCEF2F}
		{1208C4B4-9888-4F00-B8EB-91257FB8A0ED} = {5581AE38-3E63-430D-9B4D-B3C67083AF1E}
		{B622FD92-693F-4079-8E57-FC309CC5A921} = {FD2FB61C-03F3-4353-8CDF-46C22FB93127}
		{68F37902-96C3-4B4F-B408-01AF2FAB20F9} = {388A01A2-EF53-4415-B368-AD4B1A604E3C}
	EndGlobalSection
	GlobalSection(ExtensibilityGlobals) = postSolution
		SolutionGuid = {F9472467-CB37-4DB6-A76A-6F5F29590F98}
	EndGlobalSection
EndGlobal
